# THIS IS AN AUTOGENERATED FILE. DO NOT EDIT THIS FILE DIRECTLY.
# yarn lockfile v1


"action-queue@git+https://gitlab.merchise.org/mercurio-2018/action-queue.js#main":
  version "1.0.0"
  resolved "git+https://gitlab.merchise.org/mercurio-2018/action-queue.js#f43cea684f86c0113f15051fc59d9c4bf61aea03"

bs-qunit@^0.1.1:
  version "0.1.1"
  resolved "https://registry.yarnpkg.com/bs-qunit/-/bs-qunit-0.1.1.tgz#a33c273c45321ef34e72bb64c42f7b0df2936dd7"
  integrity sha512-fZVVeUhJjfl3RkkaapBPe5IPEDBA2/9Lxb6GxrNjLG4iF15ha1AsP+6UTy3oSsOzYE0/dUIpwQcn3u9UJl5isQ==

rescript@^9.1.4:
  version "9.1.4"
  resolved "https://registry.yarnpkg.com/rescript/-/rescript-9.1.4.tgz#1eb126f98d6c16942c0bf0df67c050198e580515"
  integrity sha512-aXANK4IqecJzdnDpJUsU6pxMViCR5ogAxzuqS0mOr8TloMnzAjJFu63fjD6LCkWrKAhlMkFFzQvVQYaAaVkFXw==
